
Microsoft Visual Studio Solution File, Format Version 12.00
# Visual Studio Version 16
VisualStudioVersion = 16.0.30114.105
MinimumVisualStudioVersion = 10.0.40219.1
Project("{FAE04EC0-301F-11D3-BF4B-00C04F79EFBC}") = "Generic Collections", "Generic Collections\Generic Collections.csproj", "{3F4AD222-29FD-434D-81B5-27979B5FD4DA}"
EndProject
Global
	GlobalSection(SolutionConfigurationPlatforms) = preSolution
		Debug|Any CPU = Debug|Any CPU
		Release|Any CPU = Release|Any CPU
	EndGlobalSection
	GlobalSection(ProjectConfigurationPlatforms) = postSolution
		{3F4AD222-29FD-434D-81B5-27979B5FD4DA}.Debug|Any CPU.ActiveCfg = Debug|Any CPU
		{3F4AD222-29FD-434D-81B5-27979B5FD4DA}.Debug|Any CPU.Build.0 = Debug|Any CPU
		{3F4AD222-29FD-434D-81B5-27979B5FD4DA}.Release|Any CPU.ActiveCfg = Release|Any CPU
		{3F4AD222-29FD-434D-81B5-27979B5FD4DA}.Release|Any CPU.Build.0 = Release|Any CPU
	EndGlobalSection
	GlobalSection(SolutionProperties) = preSolution
		HideSolutionNode = FALSE
	EndGlobalSection
	GlobalSection(ExtensibilityGlobals) = postSolution
		SolutionGuid = {0C95293F-BD71-479A-A60F-4E67E21DA491}
	EndGlobalSection
EndGlobal
